
Microsoft Visual Studio Solution File, Format Version 12.00
# Visual Studio Version 16
VisualStudioVersion = 16.0.32407.337
MinimumVisualStudioVersion = 10.0.40219.1
Project("{FAE04EC0-301F-11D3-BF4B-00C04F79EFBC}") = "Navig_App.UWP", "Navig_App.UWP\Navig_App.UWP.csproj", "{BEFAD2F3-8213-417D-929C-09AA6DB1F9C0}"
EndProject
Project("{FAE04EC0-301F-11D3-BF4B-00C04F79EFBC}") = "Navig_App.Android", "Navig_App.Android\Navig_App.Android.csproj", "{6C0A396A-F427-459E-A116-48429D533E8E}"
EndProject
Project("{FAE04EC0-301F-11D3-BF4B-00C04F79EFBC}") = "Navig_App.iOS", "Navig_App.iOS\Navig_App.iOS.csproj", "{05C49D87-116B-403D-994F-CFADD951AA75}"
EndProject
Project("{FAE04EC0-301F-11D3-BF4B-00C04F79EFBC}") = "Navig_App", "Navig_App\Navig_App.csproj", "{588AC370-B527-4975-B455-89F21DE0C6A0}"
EndProject
Global
	GlobalSection(SolutionConfigurationPlatforms) = preSolution
		Debug|Any CPU = Debug|Any CPU
		Debug|ARM = Debug|ARM
		Debug|iPhone = Debug|iPhone
		Debug|iPhoneSimulator = Debug|iPhoneSimulator
		Debug|x64 = Debug|x64
		Debug|x86 = Debug|x86
		Release|Any CPU = Release|Any CPU
		Release|ARM = Release|ARM
		Release|iPhone = Release|iPhone
		Release|iPhoneSimulator = Release|iPhoneSimulator
		Release|x64 = Release|x64
		Release|x86 = Release|x86
	EndGlobalSection
	GlobalSection(ProjectConfigurationPlatforms) = postSolution
		{BEFAD2F3-8213-417D-929C-09AA6DB1F9C0}.Debug|Any CPU.ActiveCfg = Debug|x86
		{BEFAD2F3-8213-417D-929C-09AA6DB1F9C0}.Debug|Any CPU.Build.0 = Debug|x86
		{BEFAD2F3-8213-417D-929C-09AA6DB1F9C0}.Debug|Any CPU.Deploy.0 = Debug|x86
		{BEFAD2F3-8213-417D-929C-09AA6DB1F9C0}.Debug|ARM.ActiveCfg = Debug|ARM
		{BEFAD2F3-8213-417D-929C-09AA6DB1F9C0}.Debug|ARM.Build.0 = Debug|ARM
		{BEFAD2F3-8213-417D-929C-09AA6DB1F9C0}.Debug|ARM.Deploy.0 = Debug|ARM
		{BEFAD2F3-8213-417D-929C-09AA6DB1F9C0}.Debug|iPhone.ActiveCfg = Debug|x86
		{BEFAD2F3-8213-417D-929C-09AA6DB1F9C0}.Debug|iPhone.Build.0 = Debug|x86
		{BEFAD2F3-8213-417D-929C-09AA6DB1F9C0}.Debug|iPhone.Deploy.0 = Debug|x86
		{BEFAD2F3-8213-417D-929C-09AA6DB1F9C0}.Debug|iPhoneSimulator.ActiveCfg = Debug|x86
		{BEFAD2F3-8213-417D-929C-09AA6DB1F9C0}.Debug|iPhoneSimulator.Build.0 = Debug|x86
		{BEFAD2F3-8213-417D-929C-09AA6DB1F9C0}.Debug|iPhoneSimulator.Deploy.0 = Debug|x86
		{BEFAD2F3-8213-417D-929C-09AA6DB1F9C0}.Debug|x64.ActiveCfg = Debug|x64
		{BEFAD2F3-8213-417D-929C-09AA6DB1F9C0}.Debug|x64.Build.0 = Debug|x64
		{BEFAD2F3-8213-417D-929C-09AA6DB1F9C0}.Debug|x64.Deploy.0 = Debug|x64
		{BEFAD2F3-8213-417D-929C-09AA6DB1F9C0}.Debug|x86.ActiveCfg = Debug|x86
		{BEFAD2F3-8213-417D-929C-09AA6DB1F9C0}.Debug|x86.Build.0 = Debug|x86
		{BEFAD2F3-8213-417D-929C-09AA6DB1F9C0}.Debug|x86.Deploy.0 = Debug|x86
		{BEFAD2F3-8213-417D-929C-09AA6DB1F9C0}.Release|Any CPU.ActiveCfg = Release|x86
		{BEFAD2F3-8213-417D-929C-09AA6DB1F9C0}.Release|Any CPU.Build.0 = Release|x86
		{BEFAD2F3-8213-417D-929C-09AA6DB1F9C0}.Release|Any CPU.Deploy.0 = Release|x86
		{BEFAD2F3-8213-417D-929C-09AA6DB1F9C0}.Release|ARM.ActiveCfg = Release|ARM
		{BEFAD2F3-8213-417D-929C-09AA6DB1F9C0}.Release|ARM.Build.0 = Release|ARM
		{BEFAD2F3-8213-417D-929C-09AA6DB1F9C0}.Release|ARM.Deploy.0 = Release|ARM
		{BEFAD2F3-8213-417D-929C-09AA6DB1F9C0}.Release|iPhone.ActiveCfg = Release|x86
		{BEFAD2F3-8213-417D-929C-09AA6DB1F9C0}.Release|iPhone.Build.0 = Release|x86
		{BEFAD2F3-8213-417D-929C-09AA6DB1F9C0}.Release|iPhone.Deploy.0 = Release|x86
		{BEFAD2F3-8213-417D-929C-09AA6DB1F9C0}.Release|iPhoneSimulator.ActiveCfg = Release|x86
		{BEFAD2F3-8213-417D-929C-09AA6DB1F9C0}.Release|iPhoneSimulator.Build.0 = Release|x86
		{BEFAD2F3-8213-417D-929C-09AA6DB1F9C0}.Release|iPhoneSimulator.Deploy.0 = Release|x86
		{BEFAD2F3-8213-417D-929C-09AA6DB1F9C0}.Release|x64.ActiveCfg = Release|x64
		{BEFAD2F3-8213-417D-929C-09AA6DB1F9C0}.Release|x64.Build.0 = Release|x64
		{BEFAD2F3-8213-417D-929C-09AA6DB1F9C0}.Release|x64.Deploy.0 = Release|x64
		{BEFAD2F3-8213-417D-929C-09AA6DB1F9C0}.Release|x86.ActiveCfg = Release|x86
		{BEFAD2F3-8213-417D-929C-09AA6DB1F9C0}.Release|x86.Build.0 = Release|x86
		{BEFAD2F3-8213-417D-929C-09AA6DB1F9C0}.Release|x86.Deploy.0 = Release|x86
		{6C0A396A-F427-459E-A116-48429D533E8E}.Debug|Any CPU.ActiveCfg = Debug|Any CPU
		{6C0A396A-F427-459E-A116-48429D533E8E}.Debug|Any CPU.Build.0 = Debug|Any CPU
		{6C0A396A-F427-459E-A116-48429D533E8E}.Debug|Any CPU.Deploy.0 = Debug|Any CPU
		{6C0A396A-F427-459E-A116-48429D533E8E}.Debug|ARM.ActiveCfg = Debug|Any CPU
		{6C0A396A-F427-459E-A116-48429D533E8E}.Debug|ARM.Build.0 = Debug|Any CPU
		{6C0A396A-F427-459E-A116-48429D533E8E}.Debug|ARM.Deploy.0 = Debug|Any CPU
		{6C0A396A-F427-459E-A116-48429D533E8E}.Debug|iPhone.ActiveCfg = Debug|Any CPU
		{6C0A396A-F427-459E-A116-48429D533E8E}.Debug|iPhone.Build.0 = Debug|Any CPU
		{6C0A396A-F427-459E-A116-48429D533E8E}.Debug|iPhone.Deploy.0 = Debug|Any CPU
		{6C0A396A-F427-459E-A116-48429D533E8E}.Debug|iPhoneSimulator.ActiveCfg = Debug|Any CPU
		{6C0A396A-F427-459E-A116-48429D533E8E}.Debug|iPhoneSimulator.Build.0 = Debug|Any CPU
		{6C0A396A-F427-459E-A116-48429D533E8E}.Debug|iPhoneSimulator.Deploy.0 = Debug|Any CPU
		{6C0A396A-F427-459E-A116-48429D533E8E}.Debug|x64.ActiveCfg = Debug|Any CPU
		{6C0A396A-F427-459E-A116-48429D533E8E}.Debug|x64.Build.0 = Debug|Any CPU
		{6C0A396A-F427-459E-A116-48429D533E8E}.Debug|x64.Deploy.0 = Debug|Any CPU
		{6C0A396A-F427-459E-A116-48429D533E8E}.Debug|x86.ActiveCfg = Debug|Any CPU
		{6C0A396A-F427-459E-A116-48429D533E8E}.Debug|x86.Build.0 = Debug|Any CPU
		{6C0A396A-F427-459E-A116-48429D533E8E}.Debug|x86.Deploy.0 = Debug|Any CPU
		{6C0A396A-F427-459E-A116-48429D533E8E}.Release|Any CPU.ActiveCfg = Release|Any CPU
		{6C0A396A-F427-459E-A116-48429D533E8E}.Release|Any CPU.Build.0 = Release|Any CPU
		{6C0A396A-F427-459E-A116-48429D533E8E}.Release|Any CPU.Deploy.0 = Release|Any CPU
		{6C0A396A-F427-459E-A116-48429D533E8E}.Release|ARM.ActiveCfg = Release|Any CPU
		{6C0A396A-F427-459E-A116-48429D533E8E}.Release|ARM.Build.0 = Release|Any CPU
		{6C0A396A-F427-459E-A116-48429D533E8E}.Release|ARM.Deploy.0 = Release|Any CPU
		{6C0A396A-F427-459E-A116-48429D533E8E}.Release|iPhone.ActiveCfg = Release|Any CPU
		{6C0A396A-F427-459E-A116-48429D533E8E}.Release|iPhone.Build.0 = Release|Any CPU
		{6C0A396A-F427-459E-A116-48429D533E8E}.Release|iPhone.Deploy.0 = Release|Any CPU
		{6C0A396A-F427-459E-A116-48429D533E8E}.Release|iPhoneSimulator.ActiveCfg = Release|Any CPU
		{6C0A396A-F427-459E-A116-48429D533E8E}.Release|iPhoneSimulator.Build.0 = Release|Any CPU
		{6C0A396A-F427-459E-A116-48429D533E8E}.Release|iPhoneSimulator.Deploy.0 = Release|Any CPU
		{6C0A396A-F427-459E-A116-48429D533E8E}.Release|x64.ActiveCfg = Release|Any CPU
		{6C0A396A-F427-459E-A116-48429D533E8E}.Release|x64.Build.0 = Release|Any CPU
		{6C0A396A-F427-459E-A116-48429D533E8E}.Release|x64.Deploy.0 = Release|Any CPU
		{6C0A396A-F427-459E-A116-48429D533E8E}.Release|x86.ActiveCfg = Release|Any CPU
		{6C0A396A-F427-459E-A116-48429D533E8E}.Release|x86.Build.0 = Release|Any CPU
		{6C0A396A-F427-459E-A116-48429D533E8E}.Release|x86.Deploy.0 = Release|Any CPU
		{05C49D87-116B-403D-994F-CFADD951AA75}.Debug|Any CPU.ActiveCfg = Debug|iPhoneSimulator
		{05C49D87-116B-403D-994F-CFADD951AA75}.Debug|Any CPU.Build.0 = Debug|iPhoneSimulator
		{05C49D87-116B-403D-994F-CFADD951AA75}.Debug|Any CPU.Deploy.0 = Debug|iPhoneSimulator
		{05C49D87-116B-403D-994F-CFADD951AA75}.Debug|ARM.ActiveCfg = Debug|iPhone
		{05C49D87-116B-403D-994F-CFADD951AA75}.Debug|ARM.Build.0 = Debug|iPhone
		{05C49D87-116B-403D-994F-CFADD951AA75}.Debug|ARM.Deploy.0 = Debug|iPhone
		{05C49D87-116B-403D-994F-CFADD951AA75}.Debug|iPhone.ActiveCfg = Debug|iPhone
		{05C49D87-116B-403D-994F-CFADD951AA75}.Debug|iPhone.Build.0 = Debug|iPhone
		{05C49D87-116B-403D-994F-CFADD951AA75}.Debug|iPhone.Deploy.0 = Debug|iPhone
		{05C49D87-116B-403D-994F-CFADD951AA75}.Debug|iPhoneSimulator.ActiveCfg = Debug|iPhoneSimulator
		{05C49D87-116B-403D-994F-CFADD951AA75}.Debug|iPhoneSimulator.Build.0 = Debug|iPhoneSimulator
		{05C49D87-116B-403D-994F-CFADD951AA75}.Debug|iPhoneSimulator.Deploy.0 = Debug|iPhoneSimulator
		{05C49D87-116B-403D-994F-CFADD951AA75}.Debug|x64.ActiveCfg = Debug|iPhoneSimulator
		{05C49D87-116B-403D-994F-CFADD951AA75}.Debug|x64.Build.0 = Debug|iPhoneSimulator
		{05C49D87-116B-403D-994F-CFADD951AA75}.Debug|x64.Deploy.0 = Debug|iPhoneSimulator
		{05C49D87-116B-403D-994F-CFADD951AA75}.Debug|x86.ActiveCfg = Debug|iPhoneSimulator
		{05C49D87-116B-403D-994F-CFADD951AA75}.Debug|x86.Build.0 = Debug|iPhoneSimulator
		{05C49D87-116B-403D-994F-CFADD951AA75}.Debug|x86.Deploy.0 = Debug|iPhoneSimulator
		{05C49D87-116B-403D-994F-CFADD951AA75}.Release|Any CPU.ActiveCfg = Release|iPhoneSimulator
		{05C49D87-116B-403D-994F-CFADD951AA75}.Release|Any CPU.Build.0 = Release|iPhoneSimulator
		{05C49D87-116B-403D-994F-CFADD951AA75}.Release|Any CPU.Deploy.0 = Release|iPhoneSimulator
		{05C49D87-116B-403D-994F-CFADD951AA75}.Release|ARM.ActiveCfg = Release|iPhoneSimulator
		{05C49D87-116B-403D-994F-CFADD951AA75}.Release|ARM.Build.0 = Release|iPhoneSimulator
		{05C49D87-116B-403D-994F-CFADD951AA75}.Release|ARM.Deploy.0 = Release|iPhoneSimulator
		{05C49D87-116B-403D-994F-CFADD951AA75}.Release|iPhone.ActiveCfg = Release|iPhone
		{05C49D87-116B-403D-994F-CFADD951AA75}.Release|iPhone.Build.0 = Release|iPhone
		{05C49D87-116B-403D-994F-CFADD951AA75}.Release|iPhone.Deploy.0 = Release|iPhone
		{05C49D87-116B-403D-994F-CFADD951AA75}.Release|iPhoneSimulator.ActiveCfg = Release|iPhoneSimulator
		{05C49D87-116B-403D-994F-CFADD951AA75}.Release|iPhoneSimulator.Build.0 = Release|iPhoneSimulator
		{05C49D87-116B-403D-994F-CFADD951AA75}.Release|iPhoneSimulator.Deploy.0 = Release|iPhoneSimulator
		{05C49D87-116B-403D-994F-CFADD951AA75}.Release|x64.ActiveCfg = Release|iPhoneSimulator
		{05C49D87-116B-403D-994F-CFADD951AA75}.Release|x64.Build.0 = Release|iPhoneSimulator
		{05C49D87-116B-403D-994F-CFADD951AA75}.Release|x64.Deploy.0 = Release|iPhoneSimulator
		{05C49D87-116B-403D-994F-CFADD951AA75}.Release|x86.ActiveCfg = Release|iPhoneSimulator
		{05C49D87-116B-403D-994F-CFADD951AA75}.Release|x86.Build.0 = Release|iPhoneSimulator
		{05C49D87-116B-403D-994F-CFADD951AA75}.Release|x86.Deploy.0 = Release|iPhoneSimulator
		{588AC370-B527-4975-B455-89F21DE0C6A0}.Debug|Any CPU.ActiveCfg = Debug|Any CPU
		{588AC370-B527-4975-B455-89F21DE0C6A0}.Debug|Any CPU.Build.0 = Debug|Any CPU
		{588AC370-B527-4975-B455-89F21DE0C6A0}.Debug|Any CPU.Deploy.0 = Debug|Any CPU
		{588AC370-B527-4975-B455-89F21DE0C6A0}.Debug|ARM.ActiveCfg = Debug|Any CPU
		{588AC370-B527-4975-B455-89F21DE0C6A0}.Debug|ARM.Build.0 = Debug|Any CPU
		{588AC370-B527-4975-B455-89F21DE0C6A0}.Debug|ARM.Deploy.0 = Debug|Any CPU
		{588AC370-B527-4975-B455-89F21DE0C6A0}.Debug|iPhone.ActiveCfg = Debug|Any CPU
		{588AC370-B527-4975-B455-89F21DE0C6A0}.Debug|iPhone.Build.0 = Debug|Any CPU
		{588AC370-B527-4975-B455-89F21DE0C6A0}.Debug|iPhone.Deploy.0 = Debug|Any CPU
		{588AC370-B527-4975-B455-89F21DE0C6A0}.Debug|iPhoneSimulator.ActiveCfg = Debug|Any CPU
		{588AC370-B527-4975-B455-89F21DE0C6A0}.Debug|iPhoneSimulator.Build.0 = Debug|Any CPU
		{588AC370-B527-4975-B455-89F21DE0C6A0}.Debug|iPhoneSimulator.Deploy.0 = Debug|Any CPU
		{588AC370-B527-4975-B455-89F21DE0C6A0}.Debug|x64.ActiveCfg = Debug|Any CPU
		{588AC370-B527-4975-B455-89F21DE0C6A0}.Debug|x64.Build.0 = Debug|Any CPU
		{588AC370-B527-4975-B455-89F21DE0C6A0}.Debug|x64.Deploy.0 = Debug|Any CPU
		{588AC370-B527-4975-B455-89F21DE0C6A0}.Debug|x86.ActiveCfg = Debug|Any CPU
		{588AC370-B527-4975-B455-89F21DE0C6A0}.Debug|x86.Build.0 = Debug|Any CPU
		{588AC370-B527-4975-B455-89F21DE0C6A0}.Debug|x86.Deploy.0 = Debug|Any CPU
		{588AC370-B527-4975-B455-89F21DE0C6A0}.Release|Any CPU.ActiveCfg = Release|Any CPU
		{588AC370-B527-4975-B455-89F21DE0C6A0}.Release|Any CPU.Build.0 = Release|Any CPU
		{588AC370-B527-4975-B455-89F21DE0C6A0}.Release|Any CPU.Deploy.0 = Release|Any CPU
		{588AC370-B527-4975-B455-89F21DE0C6A0}.Release|ARM.ActiveCfg = Release|Any CPU
		{588AC370-B527-4975-B455-89F21DE0C6A0}.Release|ARM.Build.0 = Release|Any CPU
		{588AC370-B527-4975-B455-89F21DE0C6A0}.Release|ARM.Deploy.0 = Release|Any CPU
		{588AC370-B527-4975-B455-89F21DE0C6A0}.Release|iPhone.ActiveCfg = Release|Any CPU
		{588AC370-B527-4975-B455-89F21DE0C6A0}.Release|iPhone.Build.0 = Release|Any CPU
		{588AC370-B527-4975-B455-89F21DE0C6A0}.Release|iPhone.Deploy.0 = Release|Any CPU
		{588AC370-B527-4975-B455-89F21DE0C6A0}.Release|iPhoneSimulator.ActiveCfg = Release|Any CPU
		{588AC370-B527-4975-B455-89F21DE0C6A0}.Release|iPhoneSimulator.Build.0 = Release|Any CPU
		{588AC370-B527-4975-B455-89F21DE0C6A0}.Release|iPhoneSimulator.Deploy.0 = Release|Any CPU
		{588AC370-B527-4975-B455-89F21DE0C6A0}.Release|x64.ActiveCfg = Release|Any CPU
		{588AC370-B527-4975-B455-89F21DE0C6A0}.Release|x64.Build.0 = Release|Any CPU
		{588AC370-B527-4975-B455-89F21DE0C6A0}.Release|x64.Deploy.0 = Release|Any CPU
		{588AC370-B527-4975-B455-89F21DE0C6A0}.Release|x86.ActiveCfg = Release|Any CPU
		{588AC370-B527-4975-B455-89F21DE0C6A0}.Release|x86.Build.0 = Release|Any CPU
		{588AC370-B527-4975-B455-89F21DE0C6A0}.Release|x86.Deploy.0 = Release|Any CPU
	EndGlobalSection
	GlobalSection(SolutionProperties) = preSolution
		HideSolutionNode = FALSE
	EndGlobalSection
	GlobalSection(ExtensibilityGlobals) = postSolution
		SolutionGuid = {911D5F5F-5A3B-4930-8576-76BDBAA3BA9A}
	EndGlobalSection
EndGlobal
